
Microsoft Visual Studio Solution File, Format Version 12.00
# Visual Studio 15
VisualStudioVersion = 15.0.26124.0
MinimumVisualStudioVersion = 15.0.26124.0
Project("{FAE04EC0-301F-11D3-BF4B-00C04F79EFBC}") = "spike.stack.web", "spike.stack.web\spike.stack.web.csproj", "{011F7ACB-42FC-44DD-8BC6-C05F62275465}"
EndProject
Project("{FAE04EC0-301F-11D3-BF4B-00C04F79EFBC}") = "spike.stack.module", "spike.stack.module\spike.stack.module.csproj", "{090D1E92-D6B7-4544-AF51-C4C6AD4A2BC2}"
EndProject
Project("{FAE04EC0-301F-11D3-BF4B-00C04F79EFBC}") = "spike.stack.console", "spike.stack.console\spike.stack.console.csproj", "{B7BC8720-3C3C-41BC-BE66-434D2E2ED09B}"
EndProject
Project("{FAE04EC0-301F-11D3-BF4B-00C04F79EFBC}") = "SImpl.Hosts.GenericHost", "SImpl.Hosts.GenericHost\SImpl.Hosts.GenericHost.csproj", "{B8B06929-6353-445B-BA72-508A2E2AC9D2}"
EndProject
Project("{FAE04EC0-301F-11D3-BF4B-00C04F79EFBC}") = "SImpl.Hosts.WebHost", "SImpl.Hosts.WebHost\SImpl.Hosts.WebHost.csproj", "{0CCC2DE8-DA95-422C-8ED2-9EFB137929E7}"
EndProject
Project("{FAE04EC0-301F-11D3-BF4B-00C04F79EFBC}") = "SImpl.Runtime", "SImpl.Runtime\SImpl.Runtime.csproj", "{086129D5-5E6F-4331-939D-BAFE20B35E53}"
EndProject
Project("{2150E333-8FDC-42A3-9474-1A3956D46DE8}") = "SImpl.Stack", "SImpl.Stack", "{274E438E-C96E-485A-844D-D8A4F79AF14E}"
EndProject
Project("{FAE04EC0-301F-11D3-BF4B-00C04F79EFBC}") = "SImpl", "SImpl\SImpl.csproj", "{B21DD6A5-855B-4995-B016-153F90311CE8}"
EndProject
Project("{FAE04EC0-301F-11D3-BF4B-00C04F79EFBC}") = "SImpl.Runtime.Diagnostics", "SImpl.Runtime.Diagnostics\SImpl.Runtime.Diagnostics.csproj", "{0FBBE392-E9AA-42CE-AAC2-800F3F1D802A}"
EndProject
Project("{2150E333-8FDC-42A3-9474-1A3956D46DE8}") = "SImpl.Templates", "SImpl.Templates", "{9D249F5B-6239-40C3-B02C-67948864E0E0}"
EndProject
Project("{2150E333-8FDC-42A3-9474-1A3956D46DE8}") = "Spike", "Spike", "{9D598C21-9378-49C4-8ED3-BBD8C3489D58}"
EndProject
Project("{FAE04EC0-301F-11D3-BF4B-00C04F79EFBC}") = "SImpl.Templates.WebApi", "SImpl.Templates.WebApi\SImpl.Templates.WebApi.csproj", "{BE024A4A-2AA2-4465-8A37-2809D7E296BE}"
EndProject
Project("{FAE04EC0-301F-11D3-BF4B-00C04F79EFBC}") = "spike.stack.application", "spike.stack.application\spike.stack.application.csproj", "{CA73B054-AEBF-41D6-BDAB-F8258DB4476D}"
EndProject
Project("{2150E333-8FDC-42A3-9474-1A3956D46DE8}") = ".template.config", ".template.config", "{C9953566-C0C0-40B2-BA9E-D0656FAA2741}"
EndProject
Project("{2150E333-8FDC-42A3-9474-1A3956D46DE8}") = "SImpl.Templates.WebApi", "SImpl.Templates.WebApi", "{3932F184-2A42-4BD0-A5CB-6C89480C27BD}"
	ProjectSection(SolutionItems) = preProject
		SImpl.Templates.WebApi\.template.config\template.json = SImpl.Templates.WebApi\.template.config\template.json
	EndProjectSection
EndProject
Project("{FAE04EC0-301F-11D3-BF4B-00C04F79EFBC}") = "SImpl.CQRS.Commands", "SImpl.CQRS.Commands\SImpl.CQRS.Commands.csproj", "{82DD32FC-3434-4EA1-BE8D-17FCA1E7992E}"
EndProject
Project("{FAE04EC0-301F-11D3-BF4B-00C04F79EFBC}") = "SImpl.CQRS.Queries", "SImpl.CQRS.Queries\SImpl.CQRS.Queries.csproj", "{F35BF91C-E9D2-4C94-8902-8B9D9B6675F6}"
EndProject
Project("{2150E333-8FDC-42A3-9474-1A3956D46DE8}") = "SImpl", "SImpl", "{E4A675BF-A3B1-4B7A-965D-9B8897137A37}"
EndProject
Project("{FAE04EC0-301F-11D3-BF4B-00C04F79EFBC}") = "SImpl.Storage.KeyValue", "SImpl.Storage.KeyValue\SImpl.Storage.KeyValue.csproj", "{3BA488C7-22A9-4FF2-9F89-037734238B4A}"
EndProject
Project("{FAE04EC0-301F-11D3-BF4B-00C04F79EFBC}") = "SImpl.Storage.Repository", "SImpl.Storage.Repository\SImpl.Storage.Repository.csproj", "{392B1031-33DF-4A28-B9D0-7E92A7B6349D}"
EndProject
Project("{FAE04EC0-301F-11D3-BF4B-00C04F79EFBC}") = "SImpl.Storage.Redis", "SImpl.Storage.Redis\SImpl.Storage.Redis.csproj", "{E21220CE-84D8-48E7-8492-04D37057852B}"
EndProject
Project("{FAE04EC0-301F-11D3-BF4B-00C04F79EFBC}") = "SImpl.Storage.Repository.Dapper", "SImpl.Storage.Repository.Dapper\SImpl.Storage.Repository.Dapper.csproj", "{ADCB7087-277C-4164-A662-BD70FEABDC2F}"
EndProject
Project("{FAE04EC0-301F-11D3-BF4B-00C04F79EFBC}") = "SImpl.Storage.KeyValue.Redis", "SImpl.Storage.KeyValue.Redis\SImpl.Storage.KeyValue.Redis.csproj", "{E9D4CC87-8FEF-4D12-8AFA-1919B5BA61AB}"
EndProject
Project("{2150E333-8FDC-42A3-9474-1A3956D46DE8}") = "SImpl.Storage", "SImpl.Storage", "{41150A79-105B-42BF-A1AD-D68B1EBF74D8}"
EndProject
Project("{FAE04EC0-301F-11D3-BF4B-00C04F79EFBC}") = "SImpl.Http.CQRS", "SImpl.Http.CQRS\SImpl.Http.CQRS.csproj", "{D188CAA3-464B-4461-90B8-916FBEC377FF}"
EndProject
Project("{FAE04EC0-301F-11D3-BF4B-00C04F79EFBC}") = "SImpl.Messaging.CQRS", "SImpl.Messaging.CQRS\SImpl.Messaging.CQRS.csproj", "{D3066559-AB4B-49CA-A4BC-8201BF0C742B}"
EndProject
Project("{FAE04EC0-301F-11D3-BF4B-00C04F79EFBC}") = "SImpl.Queue", "SImpl.Queue\SImpl.Queue.csproj", "{FF91031F-CFA2-4AB5-839A-B5E85DE9DA0F}"
EndProject
Project("{FAE04EC0-301F-11D3-BF4B-00C04F79EFBC}") = "SImpl.Storage.Repository.NPoco", "SImpl.Storage.Repository.NPoco\SImpl.Storage.Repository.NPoco.csproj", "{AC0DC158-AA7B-4E20-BBE6-29085E9FBF89}"
EndProject
Project("{2150E333-8FDC-42A3-9474-1A3956D46DE8}") = "Simpl.Modules", "Simpl.Modules", "{E5AB8248-2A8A-42BA-A8DD-07D7D8F46FA3}"
EndProject
Project("{FAE04EC0-301F-11D3-BF4B-00C04F79EFBC}") = "SImpl.Http.Logging.Serilog", "SImpl.Http.Logging.Serilog\SImpl.Http.Logging.Serilog.csproj", "{18F1514C-E98C-4B31-81A1-3AB67EC6E4AA}"
EndProject
Project("{FAE04EC0-301F-11D3-BF4B-00C04F79EFBC}") = "SImpl.DependencyInjection", "SImpl.DependencyInjection\SImpl.DependencyInjection.csproj", "{77A06D1D-4A7A-40AC-9A21-A8EB8ADB029E}"
EndProject
Project("{FAE04EC0-301F-11D3-BF4B-00C04F79EFBC}") = "SImpl.Http.OAuth", "SImpl.Http.OAuth\SImpl.Http.OAuth.csproj", "{D9FD9125-18EE-4981-B7DE-94D379321C37}"
EndProject
Project("{FAE04EC0-301F-11D3-BF4B-00C04F79EFBC}") = "SImpl.OAuth", "SImpl.OAuth\SImpl.OAuth.csproj", "{3EDA4A99-88DD-42F0-BD8F-949FBAE5D3EE}"
EndProject
Project("{FAE04EC0-301F-11D3-BF4B-00C04F79EFBC}") = "SImpl.AutoRun", "SImpl.AutoRun\SImpl.AutoRun.csproj", "{A44BDECC-ED0A-486E-96D4-03446BD348AB}"
EndProject
Project("{FAE04EC0-301F-11D3-BF4B-00C04F79EFBC}") = "SImpl.Reflector", "SImpl.Reflector\SImpl.Reflector.csproj", "{94225D30-6D03-4DA9-B521-FCCF6132F903}"
EndProject
Project("{FAE04EC0-301F-11D3-BF4B-00C04F79EFBC}") = "SImpl.CQRS.Events", "SImpl.CQRS.Events\SImpl.CQRS.Events.csproj", "{FBC756CE-8FF1-4411-8D7F-FF45EB0D23E3}"
EndProject
Project("{FAE04EC0-301F-11D3-BF4B-00C04F79EFBC}") = "SImpl.Messaging.CQRS.Rebus", "SImpl.Messaging.CQRS.Rebus\SImpl.Messaging.CQRS.Rebus.csproj", "{4C91253F-3398-4ADA-B151-A00ADE88DF7B}"
EndProject
Global
	GlobalSection(SolutionConfigurationPlatforms) = preSolution
		Debug|Any CPU = Debug|Any CPU
		Debug|x64 = Debug|x64
		Debug|x86 = Debug|x86
		Release|Any CPU = Release|Any CPU
		Release|x64 = Release|x64
		Release|x86 = Release|x86
	EndGlobalSection
	GlobalSection(SolutionProperties) = preSolution
		HideSolutionNode = FALSE
	EndGlobalSection
	GlobalSection(ProjectConfigurationPlatforms) = postSolution
		{011F7ACB-42FC-44DD-8BC6-C05F62275465}.Debug|Any CPU.ActiveCfg = Debug|Any CPU
		{011F7ACB-42FC-44DD-8BC6-C05F62275465}.Debug|Any CPU.Build.0 = Debug|Any CPU
		{011F7ACB-42FC-44DD-8BC6-C05F62275465}.Debug|x64.ActiveCfg = Debug|Any CPU
		{011F7ACB-42FC-44DD-8BC6-C05F62275465}.Debug|x64.Build.0 = Debug|Any CPU
		{011F7ACB-42FC-44DD-8BC6-C05F62275465}.Debug|x86.ActiveCfg = Debug|Any CPU
		{011F7ACB-42FC-44DD-8BC6-C05F62275465}.Debug|x86.Build.0 = Debug|Any CPU
		{011F7ACB-42FC-44DD-8BC6-C05F62275465}.Release|Any CPU.ActiveCfg = Release|Any CPU
		{011F7ACB-42FC-44DD-8BC6-C05F62275465}.Release|Any CPU.Build.0 = Release|Any CPU
		{011F7ACB-42FC-44DD-8BC6-C05F62275465}.Release|x64.ActiveCfg = Release|Any CPU
		{011F7ACB-42FC-44DD-8BC6-C05F62275465}.Release|x64.Build.0 = Release|Any CPU
		{011F7ACB-42FC-44DD-8BC6-C05F62275465}.Release|x86.ActiveCfg = Release|Any CPU
		{011F7ACB-42FC-44DD-8BC6-C05F62275465}.Release|x86.Build.0 = Release|Any CPU
		{090D1E92-D6B7-4544-AF51-C4C6AD4A2BC2}.Debug|Any CPU.ActiveCfg = Debug|Any CPU
		{090D1E92-D6B7-4544-AF51-C4C6AD4A2BC2}.Debug|Any CPU.Build.0 = Debug|Any CPU
		{090D1E92-D6B7-4544-AF51-C4C6AD4A2BC2}.Debug|x64.ActiveCfg = Debug|Any CPU
		{090D1E92-D6B7-4544-AF51-C4C6AD4A2BC2}.Debug|x64.Build.0 = Debug|Any CPU
		{090D1E92-D6B7-4544-AF51-C4C6AD4A2BC2}.Debug|x86.ActiveCfg = Debug|Any CPU
		{090D1E92-D6B7-4544-AF51-C4C6AD4A2BC2}.Debug|x86.Build.0 = Debug|Any CPU
		{090D1E92-D6B7-4544-AF51-C4C6AD4A2BC2}.Release|Any CPU.ActiveCfg = Release|Any CPU
		{090D1E92-D6B7-4544-AF51-C4C6AD4A2BC2}.Release|Any CPU.Build.0 = Release|Any CPU
		{090D1E92-D6B7-4544-AF51-C4C6AD4A2BC2}.Release|x64.ActiveCfg = Release|Any CPU
		{090D1E92-D6B7-4544-AF51-C4C6AD4A2BC2}.Release|x64.Build.0 = Release|Any CPU
		{090D1E92-D6B7-4544-AF51-C4C6AD4A2BC2}.Release|x86.ActiveCfg = Release|Any CPU
		{090D1E92-D6B7-4544-AF51-C4C6AD4A2BC2}.Release|x86.Build.0 = Release|Any CPU
		{B7BC8720-3C3C-41BC-BE66-434D2E2ED09B}.Debug|Any CPU.ActiveCfg = Debug|Any CPU
		{B7BC8720-3C3C-41BC-BE66-434D2E2ED09B}.Debug|Any CPU.Build.0 = Debug|Any CPU
		{B7BC8720-3C3C-41BC-BE66-434D2E2ED09B}.Debug|x64.ActiveCfg = Debug|Any CPU
		{B7BC8720-3C3C-41BC-BE66-434D2E2ED09B}.Debug|x64.Build.0 = Debug|Any CPU
		{B7BC8720-3C3C-41BC-BE66-434D2E2ED09B}.Debug|x86.ActiveCfg = Debug|Any CPU
		{B7BC8720-3C3C-41BC-BE66-434D2E2ED09B}.Debug|x86.Build.0 = Debug|Any CPU
		{B7BC8720-3C3C-41BC-BE66-434D2E2ED09B}.Release|Any CPU.ActiveCfg = Release|Any CPU
		{B7BC8720-3C3C-41BC-BE66-434D2E2ED09B}.Release|Any CPU.Build.0 = Release|Any CPU
		{B7BC8720-3C3C-41BC-BE66-434D2E2ED09B}.Release|x64.ActiveCfg = Release|Any CPU
		{B7BC8720-3C3C-41BC-BE66-434D2E2ED09B}.Release|x64.Build.0 = Release|Any CPU
		{B7BC8720-3C3C-41BC-BE66-434D2E2ED09B}.Release|x86.ActiveCfg = Release|Any CPU
		{B7BC8720-3C3C-41BC-BE66-434D2E2ED09B}.Release|x86.Build.0 = Release|Any CPU
		{B8B06929-6353-445B-BA72-508A2E2AC9D2}.Debug|Any CPU.ActiveCfg = Debug|Any CPU
		{B8B06929-6353-445B-BA72-508A2E2AC9D2}.Debug|Any CPU.Build.0 = Debug|Any CPU
		{B8B06929-6353-445B-BA72-508A2E2AC9D2}.Debug|x64.ActiveCfg = Debug|Any CPU
		{B8B06929-6353-445B-BA72-508A2E2AC9D2}.Debug|x64.Build.0 = Debug|Any CPU
		{B8B06929-6353-445B-BA72-508A2E2AC9D2}.Debug|x86.ActiveCfg = Debug|Any CPU
		{B8B06929-6353-445B-BA72-508A2E2AC9D2}.Debug|x86.Build.0 = Debug|Any CPU
		{B8B06929-6353-445B-BA72-508A2E2AC9D2}.Release|Any CPU.ActiveCfg = Release|Any CPU
		{B8B06929-6353-445B-BA72-508A2E2AC9D2}.Release|Any CPU.Build.0 = Release|Any CPU
		{B8B06929-6353-445B-BA72-508A2E2AC9D2}.Release|x64.ActiveCfg = Release|Any CPU
		{B8B06929-6353-445B-BA72-508A2E2AC9D2}.Release|x64.Build.0 = Release|Any CPU
		{B8B06929-6353-445B-BA72-508A2E2AC9D2}.Release|x86.ActiveCfg = Release|Any CPU
		{B8B06929-6353-445B-BA72-508A2E2AC9D2}.Release|x86.Build.0 = Release|Any CPU
		{0CCC2DE8-DA95-422C-8ED2-9EFB137929E7}.Debug|Any CPU.ActiveCfg = Debug|Any CPU
		{0CCC2DE8-DA95-422C-8ED2-9EFB137929E7}.Debug|Any CPU.Build.0 = Debug|Any CPU
		{0CCC2DE8-DA95-422C-8ED2-9EFB137929E7}.Debug|x64.ActiveCfg = Debug|Any CPU
		{0CCC2DE8-DA95-422C-8ED2-9EFB137929E7}.Debug|x64.Build.0 = Debug|Any CPU
		{0CCC2DE8-DA95-422C-8ED2-9EFB137929E7}.Debug|x86.ActiveCfg = Debug|Any CPU
		{0CCC2DE8-DA95-422C-8ED2-9EFB137929E7}.Debug|x86.Build.0 = Debug|Any CPU
		{0CCC2DE8-DA95-422C-8ED2-9EFB137929E7}.Release|Any CPU.ActiveCfg = Release|Any CPU
		{0CCC2DE8-DA95-422C-8ED2-9EFB137929E7}.Release|Any CPU.Build.0 = Release|Any CPU
		{0CCC2DE8-DA95-422C-8ED2-9EFB137929E7}.Release|x64.ActiveCfg = Release|Any CPU
		{0CCC2DE8-DA95-422C-8ED2-9EFB137929E7}.Release|x64.Build.0 = Release|Any CPU
		{0CCC2DE8-DA95-422C-8ED2-9EFB137929E7}.Release|x86.ActiveCfg = Release|Any CPU
		{0CCC2DE8-DA95-422C-8ED2-9EFB137929E7}.Release|x86.Build.0 = Release|Any CPU
		{086129D5-5E6F-4331-939D-BAFE20B35E53}.Debug|Any CPU.ActiveCfg = Debug|Any CPU
		{086129D5-5E6F-4331-939D-BAFE20B35E53}.Debug|Any CPU.Build.0 = Debug|Any CPU
		{086129D5-5E6F-4331-939D-BAFE20B35E53}.Debug|x64.ActiveCfg = Debug|Any CPU
		{086129D5-5E6F-4331-939D-BAFE20B35E53}.Debug|x64.Build.0 = Debug|Any CPU
		{086129D5-5E6F-4331-939D-BAFE20B35E53}.Debug|x86.ActiveCfg = Debug|Any CPU
		{086129D5-5E6F-4331-939D-BAFE20B35E53}.Debug|x86.Build.0 = Debug|Any CPU
		{086129D5-5E6F-4331-939D-BAFE20B35E53}.Release|Any CPU.ActiveCfg = Release|Any CPU
		{086129D5-5E6F-4331-939D-BAFE20B35E53}.Release|Any CPU.Build.0 = Release|Any CPU
		{086129D5-5E6F-4331-939D-BAFE20B35E53}.Release|x64.ActiveCfg = Release|Any CPU
		{086129D5-5E6F-4331-939D-BAFE20B35E53}.Release|x64.Build.0 = Release|Any CPU
		{086129D5-5E6F-4331-939D-BAFE20B35E53}.Release|x86.ActiveCfg = Release|Any CPU
		{086129D5-5E6F-4331-939D-BAFE20B35E53}.Release|x86.Build.0 = Release|Any CPU
		{B21DD6A5-855B-4995-B016-153F90311CE8}.Debug|Any CPU.ActiveCfg = Debug|Any CPU
		{B21DD6A5-855B-4995-B016-153F90311CE8}.Debug|Any CPU.Build.0 = Debug|Any CPU
		{B21DD6A5-855B-4995-B016-153F90311CE8}.Debug|x64.ActiveCfg = Debug|Any CPU
		{B21DD6A5-855B-4995-B016-153F90311CE8}.Debug|x64.Build.0 = Debug|Any CPU
		{B21DD6A5-855B-4995-B016-153F90311CE8}.Debug|x86.ActiveCfg = Debug|Any CPU
		{B21DD6A5-855B-4995-B016-153F90311CE8}.Debug|x86.Build.0 = Debug|Any CPU
		{B21DD6A5-855B-4995-B016-153F90311CE8}.Release|Any CPU.ActiveCfg = Release|Any CPU
		{B21DD6A5-855B-4995-B016-153F90311CE8}.Release|Any CPU.Build.0 = Release|Any CPU
		{B21DD6A5-855B-4995-B016-153F90311CE8}.Release|x64.ActiveCfg = Release|Any CPU
		{B21DD6A5-855B-4995-B016-153F90311CE8}.Release|x64.Build.0 = Release|Any CPU
		{B21DD6A5-855B-4995-B016-153F90311CE8}.Release|x86.ActiveCfg = Release|Any CPU
		{B21DD6A5-855B-4995-B016-153F90311CE8}.Release|x86.Build.0 = Release|Any CPU
		{0FBBE392-E9AA-42CE-AAC2-800F3F1D802A}.Debug|Any CPU.ActiveCfg = Debug|Any CPU
		{0FBBE392-E9AA-42CE-AAC2-800F3F1D802A}.Debug|Any CPU.Build.0 = Debug|Any CPU
		{0FBBE392-E9AA-42CE-AAC2-800F3F1D802A}.Debug|x64.ActiveCfg = Debug|Any CPU
		{0FBBE392-E9AA-42CE-AAC2-800F3F1D802A}.Debug|x64.Build.0 = Debug|Any CPU
		{0FBBE392-E9AA-42CE-AAC2-800F3F1D802A}.Debug|x86.ActiveCfg = Debug|Any CPU
		{0FBBE392-E9AA-42CE-AAC2-800F3F1D802A}.Debug|x86.Build.0 = Debug|Any CPU
		{0FBBE392-E9AA-42CE-AAC2-800F3F1D802A}.Release|Any CPU.ActiveCfg = Release|Any CPU
		{0FBBE392-E9AA-42CE-AAC2-800F3F1D802A}.Release|Any CPU.Build.0 = Release|Any CPU
		{0FBBE392-E9AA-42CE-AAC2-800F3F1D802A}.Release|x64.ActiveCfg = Release|Any CPU
		{0FBBE392-E9AA-42CE-AAC2-800F3F1D802A}.Release|x64.Build.0 = Release|Any CPU
		{0FBBE392-E9AA-42CE-AAC2-800F3F1D802A}.Release|x86.ActiveCfg = Release|Any CPU
		{0FBBE392-E9AA-42CE-AAC2-800F3F1D802A}.Release|x86.Build.0 = Release|Any CPU
		{BE024A4A-2AA2-4465-8A37-2809D7E296BE}.Debug|Any CPU.ActiveCfg = Debug|Any CPU
		{BE024A4A-2AA2-4465-8A37-2809D7E296BE}.Debug|Any CPU.Build.0 = Debug|Any CPU
		{BE024A4A-2AA2-4465-8A37-2809D7E296BE}.Debug|x64.ActiveCfg = Debug|Any CPU
		{BE024A4A-2AA2-4465-8A37-2809D7E296BE}.Debug|x64.Build.0 = Debug|Any CPU
		{BE024A4A-2AA2-4465-8A37-2809D7E296BE}.Debug|x86.ActiveCfg = Debug|Any CPU
		{BE024A4A-2AA2-4465-8A37-2809D7E296BE}.Debug|x86.Build.0 = Debug|Any CPU
		{BE024A4A-2AA2-4465-8A37-2809D7E296BE}.Release|Any CPU.ActiveCfg = Release|Any CPU
		{BE024A4A-2AA2-4465-8A37-2809D7E296BE}.Release|Any CPU.Build.0 = Release|Any CPU
		{BE024A4A-2AA2-4465-8A37-2809D7E296BE}.Release|x64.ActiveCfg = Release|Any CPU
		{BE024A4A-2AA2-4465-8A37-2809D7E296BE}.Release|x64.Build.0 = Release|Any CPU
		{BE024A4A-2AA2-4465-8A37-2809D7E296BE}.Release|x86.ActiveCfg = Release|Any CPU
		{BE024A4A-2AA2-4465-8A37-2809D7E296BE}.Release|x86.Build.0 = Release|Any CPU
		{CA73B054-AEBF-41D6-BDAB-F8258DB4476D}.Debug|Any CPU.ActiveCfg = Debug|Any CPU
		{CA73B054-AEBF-41D6-BDAB-F8258DB4476D}.Debug|Any CPU.Build.0 = Debug|Any CPU
		{CA73B054-AEBF-41D6-BDAB-F8258DB4476D}.Debug|x64.ActiveCfg = Debug|Any CPU
		{CA73B054-AEBF-41D6-BDAB-F8258DB4476D}.Debug|x64.Build.0 = Debug|Any CPU
		{CA73B054-AEBF-41D6-BDAB-F8258DB4476D}.Debug|x86.ActiveCfg = Debug|Any CPU
		{CA73B054-AEBF-41D6-BDAB-F8258DB4476D}.Debug|x86.Build.0 = Debug|Any CPU
		{CA73B054-AEBF-41D6-BDAB-F8258DB4476D}.Release|Any CPU.ActiveCfg = Release|Any CPU
		{CA73B054-AEBF-41D6-BDAB-F8258DB4476D}.Release|Any CPU.Build.0 = Release|Any CPU
		{CA73B054-AEBF-41D6-BDAB-F8258DB4476D}.Release|x64.ActiveCfg = Release|Any CPU
		{CA73B054-AEBF-41D6-BDAB-F8258DB4476D}.Release|x64.Build.0 = Release|Any CPU
		{CA73B054-AEBF-41D6-BDAB-F8258DB4476D}.Release|x86.ActiveCfg = Release|Any CPU
		{CA73B054-AEBF-41D6-BDAB-F8258DB4476D}.Release|x86.Build.0 = Release|Any CPU
		{82DD32FC-3434-4EA1-BE8D-17FCA1E7992E}.Debug|Any CPU.ActiveCfg = Debug|Any CPU
		{82DD32FC-3434-4EA1-BE8D-17FCA1E7992E}.Debug|Any CPU.Build.0 = Debug|Any CPU
		{82DD32FC-3434-4EA1-BE8D-17FCA1E7992E}.Debug|x64.ActiveCfg = Debug|Any CPU
		{82DD32FC-3434-4EA1-BE8D-17FCA1E7992E}.Debug|x64.Build.0 = Debug|Any CPU
		{82DD32FC-3434-4EA1-BE8D-17FCA1E7992E}.Debug|x86.ActiveCfg = Debug|Any CPU
		{82DD32FC-3434-4EA1-BE8D-17FCA1E7992E}.Debug|x86.Build.0 = Debug|Any CPU
		{82DD32FC-3434-4EA1-BE8D-17FCA1E7992E}.Release|Any CPU.ActiveCfg = Release|Any CPU
		{82DD32FC-3434-4EA1-BE8D-17FCA1E7992E}.Release|Any CPU.Build.0 = Release|Any CPU
		{82DD32FC-3434-4EA1-BE8D-17FCA1E7992E}.Release|x64.ActiveCfg = Release|Any CPU
		{82DD32FC-3434-4EA1-BE8D-17FCA1E7992E}.Release|x64.Build.0 = Release|Any CPU
		{82DD32FC-3434-4EA1-BE8D-17FCA1E7992E}.Release|x86.ActiveCfg = Release|Any CPU
		{82DD32FC-3434-4EA1-BE8D-17FCA1E7992E}.Release|x86.Build.0 = Release|Any CPU
		{F35BF91C-E9D2-4C94-8902-8B9D9B6675F6}.Debug|Any CPU.ActiveCfg = Debug|Any CPU
		{F35BF91C-E9D2-4C94-8902-8B9D9B6675F6}.Debug|Any CPU.Build.0 = Debug|Any CPU
		{F35BF91C-E9D2-4C94-8902-8B9D9B6675F6}.Debug|x64.ActiveCfg = Debug|Any CPU
		{F35BF91C-E9D2-4C94-8902-8B9D9B6675F6}.Debug|x64.Build.0 = Debug|Any CPU
		{F35BF91C-E9D2-4C94-8902-8B9D9B6675F6}.Debug|x86.ActiveCfg = Debug|Any CPU
		{F35BF91C-E9D2-4C94-8902-8B9D9B6675F6}.Debug|x86.Build.0 = Debug|Any CPU
		{F35BF91C-E9D2-4C94-8902-8B9D9B6675F6}.Release|Any CPU.ActiveCfg = Release|Any CPU
		{F35BF91C-E9D2-4C94-8902-8B9D9B6675F6}.Release|Any CPU.Build.0 = Release|Any CPU
		{F35BF91C-E9D2-4C94-8902-8B9D9B6675F6}.Release|x64.ActiveCfg = Release|Any CPU
		{F35BF91C-E9D2-4C94-8902-8B9D9B6675F6}.Release|x64.Build.0 = Release|Any CPU
		{F35BF91C-E9D2-4C94-8902-8B9D9B6675F6}.Release|x86.ActiveCfg = Release|Any CPU
		{F35BF91C-E9D2-4C94-8902-8B9D9B6675F6}.Release|x86.Build.0 = Release|Any CPU
		{3BA488C7-22A9-4FF2-9F89-037734238B4A}.Debug|Any CPU.ActiveCfg = Debug|Any CPU
		{3BA488C7-22A9-4FF2-9F89-037734238B4A}.Debug|Any CPU.Build.0 = Debug|Any CPU
		{3BA488C7-22A9-4FF2-9F89-037734238B4A}.Debug|x64.ActiveCfg = Debug|Any CPU
		{3BA488C7-22A9-4FF2-9F89-037734238B4A}.Debug|x64.Build.0 = Debug|Any CPU
		{3BA488C7-22A9-4FF2-9F89-037734238B4A}.Debug|x86.ActiveCfg = Debug|Any CPU
		{3BA488C7-22A9-4FF2-9F89-037734238B4A}.Debug|x86.Build.0 = Debug|Any CPU
		{3BA488C7-22A9-4FF2-9F89-037734238B4A}.Release|Any CPU.ActiveCfg = Release|Any CPU
		{3BA488C7-22A9-4FF2-9F89-037734238B4A}.Release|Any CPU.Build.0 = Release|Any CPU
		{3BA488C7-22A9-4FF2-9F89-037734238B4A}.Release|x64.ActiveCfg = Release|Any CPU
		{3BA488C7-22A9-4FF2-9F89-037734238B4A}.Release|x64.Build.0 = Release|Any CPU
		{3BA488C7-22A9-4FF2-9F89-037734238B4A}.Release|x86.ActiveCfg = Release|Any CPU
		{3BA488C7-22A9-4FF2-9F89-037734238B4A}.Release|x86.Build.0 = Release|Any CPU
		{392B1031-33DF-4A28-B9D0-7E92A7B6349D}.Debug|Any CPU.ActiveCfg = Debug|Any CPU
		{392B1031-33DF-4A28-B9D0-7E92A7B6349D}.Debug|Any CPU.Build.0 = Debug|Any CPU
		{392B1031-33DF-4A28-B9D0-7E92A7B6349D}.Debug|x64.ActiveCfg = Debug|Any CPU
		{392B1031-33DF-4A28-B9D0-7E92A7B6349D}.Debug|x64.Build.0 = Debug|Any CPU
		{392B1031-33DF-4A28-B9D0-7E92A7B6349D}.Debug|x86.ActiveCfg = Debug|Any CPU
		{392B1031-33DF-4A28-B9D0-7E92A7B6349D}.Debug|x86.Build.0 = Debug|Any CPU
		{392B1031-33DF-4A28-B9D0-7E92A7B6349D}.Release|Any CPU.ActiveCfg = Release|Any CPU
		{392B1031-33DF-4A28-B9D0-7E92A7B6349D}.Release|Any CPU.Build.0 = Release|Any CPU
		{392B1031-33DF-4A28-B9D0-7E92A7B6349D}.Release|x64.ActiveCfg = Release|Any CPU
		{392B1031-33DF-4A28-B9D0-7E92A7B6349D}.Release|x64.Build.0 = Release|Any CPU
		{392B1031-33DF-4A28-B9D0-7E92A7B6349D}.Release|x86.ActiveCfg = Release|Any CPU
		{392B1031-33DF-4A28-B9D0-7E92A7B6349D}.Release|x86.Build.0 = Release|Any CPU
		{E21220CE-84D8-48E7-8492-04D37057852B}.Debug|Any CPU.ActiveCfg = Debug|Any CPU
		{E21220CE-84D8-48E7-8492-04D37057852B}.Debug|Any CPU.Build.0 = Debug|Any CPU
		{E21220CE-84D8-48E7-8492-04D37057852B}.Debug|x64.ActiveCfg = Debug|Any CPU
		{E21220CE-84D8-48E7-8492-04D37057852B}.Debug|x64.Build.0 = Debug|Any CPU
		{E21220CE-84D8-48E7-8492-04D37057852B}.Debug|x86.ActiveCfg = Debug|Any CPU
		{E21220CE-84D8-48E7-8492-04D37057852B}.Debug|x86.Build.0 = Debug|Any CPU
		{E21220CE-84D8-48E7-8492-04D37057852B}.Release|Any CPU.ActiveCfg = Release|Any CPU
		{E21220CE-84D8-48E7-8492-04D37057852B}.Release|Any CPU.Build.0 = Release|Any CPU
		{E21220CE-84D8-48E7-8492-04D37057852B}.Release|x64.ActiveCfg = Release|Any CPU
		{E21220CE-84D8-48E7-8492-04D37057852B}.Release|x64.Build.0 = Release|Any CPU
		{E21220CE-84D8-48E7-8492-04D37057852B}.Release|x86.ActiveCfg = Release|Any CPU
		{E21220CE-84D8-48E7-8492-04D37057852B}.Release|x86.Build.0 = Release|Any CPU
		{ADCB7087-277C-4164-A662-BD70FEABDC2F}.Debug|Any CPU.ActiveCfg = Debug|Any CPU
		{ADCB7087-277C-4164-A662-BD70FEABDC2F}.Debug|Any CPU.Build.0 = Debug|Any CPU
		{ADCB7087-277C-4164-A662-BD70FEABDC2F}.Debug|x64.ActiveCfg = Debug|Any CPU
		{ADCB7087-277C-4164-A662-BD70FEABDC2F}.Debug|x64.Build.0 = Debug|Any CPU
		{ADCB7087-277C-4164-A662-BD70FEABDC2F}.Debug|x86.ActiveCfg = Debug|Any CPU
		{ADCB7087-277C-4164-A662-BD70FEABDC2F}.Debug|x86.Build.0 = Debug|Any CPU
		{ADCB7087-277C-4164-A662-BD70FEABDC2F}.Release|Any CPU.ActiveCfg = Release|Any CPU
		{ADCB7087-277C-4164-A662-BD70FEABDC2F}.Release|Any CPU.Build.0 = Release|Any CPU
		{ADCB7087-277C-4164-A662-BD70FEABDC2F}.Release|x64.ActiveCfg = Release|Any CPU
		{ADCB7087-277C-4164-A662-BD70FEABDC2F}.Release|x64.Build.0 = Release|Any CPU
		{ADCB7087-277C-4164-A662-BD70FEABDC2F}.Release|x86.ActiveCfg = Release|Any CPU
		{ADCB7087-277C-4164-A662-BD70FEABDC2F}.Release|x86.Build.0 = Release|Any CPU
		{E9D4CC87-8FEF-4D12-8AFA-1919B5BA61AB}.Debug|Any CPU.ActiveCfg = Debug|Any CPU
		{E9D4CC87-8FEF-4D12-8AFA-1919B5BA61AB}.Debug|Any CPU.Build.0 = Debug|Any CPU
		{E9D4CC87-8FEF-4D12-8AFA-1919B5BA61AB}.Debug|x64.ActiveCfg = Debug|Any CPU
		{E9D4CC87-8FEF-4D12-8AFA-1919B5BA61AB}.Debug|x64.Build.0 = Debug|Any CPU
		{E9D4CC87-8FEF-4D12-8AFA-1919B5BA61AB}.Debug|x86.ActiveCfg = Debug|Any CPU
		{E9D4CC87-8FEF-4D12-8AFA-1919B5BA61AB}.Debug|x86.Build.0 = Debug|Any CPU
		{E9D4CC87-8FEF-4D12-8AFA-1919B5BA61AB}.Release|Any CPU.ActiveCfg = Release|Any CPU
		{E9D4CC87-8FEF-4D12-8AFA-1919B5BA61AB}.Release|Any CPU.Build.0 = Release|Any CPU
		{E9D4CC87-8FEF-4D12-8AFA-1919B5BA61AB}.Release|x64.ActiveCfg = Release|Any CPU
		{E9D4CC87-8FEF-4D12-8AFA-1919B5BA61AB}.Release|x64.Build.0 = Release|Any CPU
		{E9D4CC87-8FEF-4D12-8AFA-1919B5BA61AB}.Release|x86.ActiveCfg = Release|Any CPU
		{E9D4CC87-8FEF-4D12-8AFA-1919B5BA61AB}.Release|x86.Build.0 = Release|Any CPU
		{D188CAA3-464B-4461-90B8-916FBEC377FF}.Debug|Any CPU.ActiveCfg = Debug|Any CPU
		{D188CAA3-464B-4461-90B8-916FBEC377FF}.Debug|Any CPU.Build.0 = Debug|Any CPU
		{D188CAA3-464B-4461-90B8-916FBEC377FF}.Debug|x64.ActiveCfg = Debug|Any CPU
		{D188CAA3-464B-4461-90B8-916FBEC377FF}.Debug|x64.Build.0 = Debug|Any CPU
		{D188CAA3-464B-4461-90B8-916FBEC377FF}.Debug|x86.ActiveCfg = Debug|Any CPU
		{D188CAA3-464B-4461-90B8-916FBEC377FF}.Debug|x86.Build.0 = Debug|Any CPU
		{D188CAA3-464B-4461-90B8-916FBEC377FF}.Release|Any CPU.ActiveCfg = Release|Any CPU
		{D188CAA3-464B-4461-90B8-916FBEC377FF}.Release|Any CPU.Build.0 = Release|Any CPU
		{D188CAA3-464B-4461-90B8-916FBEC377FF}.Release|x64.ActiveCfg = Release|Any CPU
		{D188CAA3-464B-4461-90B8-916FBEC377FF}.Release|x64.Build.0 = Release|Any CPU
		{D188CAA3-464B-4461-90B8-916FBEC377FF}.Release|x86.ActiveCfg = Release|Any CPU
		{D188CAA3-464B-4461-90B8-916FBEC377FF}.Release|x86.Build.0 = Release|Any CPU
		{D3066559-AB4B-49CA-A4BC-8201BF0C742B}.Debug|Any CPU.ActiveCfg = Debug|Any CPU
		{D3066559-AB4B-49CA-A4BC-8201BF0C742B}.Debug|Any CPU.Build.0 = Debug|Any CPU
		{D3066559-AB4B-49CA-A4BC-8201BF0C742B}.Debug|x64.ActiveCfg = Debug|Any CPU
		{D3066559-AB4B-49CA-A4BC-8201BF0C742B}.Debug|x64.Build.0 = Debug|Any CPU
		{D3066559-AB4B-49CA-A4BC-8201BF0C742B}.Debug|x86.ActiveCfg = Debug|Any CPU
		{D3066559-AB4B-49CA-A4BC-8201BF0C742B}.Debug|x86.Build.0 = Debug|Any CPU
		{D3066559-AB4B-49CA-A4BC-8201BF0C742B}.Release|Any CPU.ActiveCfg = Release|Any CPU
		{D3066559-AB4B-49CA-A4BC-8201BF0C742B}.Release|Any CPU.Build.0 = Release|Any CPU
		{D3066559-AB4B-49CA-A4BC-8201BF0C742B}.Release|x64.ActiveCfg = Release|Any CPU
		{D3066559-AB4B-49CA-A4BC-8201BF0C742B}.Release|x64.Build.0 = Release|Any CPU
		{D3066559-AB4B-49CA-A4BC-8201BF0C742B}.Release|x86.ActiveCfg = Release|Any CPU
		{D3066559-AB4B-49CA-A4BC-8201BF0C742B}.Release|x86.Build.0 = Release|Any CPU
		{FF91031F-CFA2-4AB5-839A-B5E85DE9DA0F}.Debug|Any CPU.ActiveCfg = Debug|Any CPU
		{FF91031F-CFA2-4AB5-839A-B5E85DE9DA0F}.Debug|Any CPU.Build.0 = Debug|Any CPU
		{FF91031F-CFA2-4AB5-839A-B5E85DE9DA0F}.Debug|x64.ActiveCfg = Debug|Any CPU
		{FF91031F-CFA2-4AB5-839A-B5E85DE9DA0F}.Debug|x64.Build.0 = Debug|Any CPU
		{FF91031F-CFA2-4AB5-839A-B5E85DE9DA0F}.Debug|x86.ActiveCfg = Debug|Any CPU
		{FF91031F-CFA2-4AB5-839A-B5E85DE9DA0F}.Debug|x86.Build.0 = Debug|Any CPU
		{FF91031F-CFA2-4AB5-839A-B5E85DE9DA0F}.Release|Any CPU.ActiveCfg = Release|Any CPU
		{FF91031F-CFA2-4AB5-839A-B5E85DE9DA0F}.Release|Any CPU.Build.0 = Release|Any CPU
		{FF91031F-CFA2-4AB5-839A-B5E85DE9DA0F}.Release|x64.ActiveCfg = Release|Any CPU
		{FF91031F-CFA2-4AB5-839A-B5E85DE9DA0F}.Release|x64.Build.0 = Release|Any CPU
		{FF91031F-CFA2-4AB5-839A-B5E85DE9DA0F}.Release|x86.ActiveCfg = Release|Any CPU
		{FF91031F-CFA2-4AB5-839A-B5E85DE9DA0F}.Release|x86.Build.0 = Release|Any CPU
		{AC0DC158-AA7B-4E20-BBE6-29085E9FBF89}.Debug|Any CPU.ActiveCfg = Debug|Any CPU
		{AC0DC158-AA7B-4E20-BBE6-29085E9FBF89}.Debug|Any CPU.Build.0 = Debug|Any CPU
		{AC0DC158-AA7B-4E20-BBE6-29085E9FBF89}.Debug|x64.ActiveCfg = Debug|Any CPU
		{AC0DC158-AA7B-4E20-BBE6-29085E9FBF89}.Debug|x64.Build.0 = Debug|Any CPU
		{AC0DC158-AA7B-4E20-BBE6-29085E9FBF89}.Debug|x86.ActiveCfg = Debug|Any CPU
		{AC0DC158-AA7B-4E20-BBE6-29085E9FBF89}.Debug|x86.Build.0 = Debug|Any CPU
		{AC0DC158-AA7B-4E20-BBE6-29085E9FBF89}.Release|Any CPU.ActiveCfg = Release|Any CPU
		{AC0DC158-AA7B-4E20-BBE6-29085E9FBF89}.Release|Any CPU.Build.0 = Release|Any CPU
		{AC0DC158-AA7B-4E20-BBE6-29085E9FBF89}.Release|x64.ActiveCfg = Release|Any CPU
		{AC0DC158-AA7B-4E20-BBE6-29085E9FBF89}.Release|x64.Build.0 = Release|Any CPU
		{AC0DC158-AA7B-4E20-BBE6-29085E9FBF89}.Release|x86.ActiveCfg = Release|Any CPU
		{AC0DC158-AA7B-4E20-BBE6-29085E9FBF89}.Release|x86.Build.0 = Release|Any CPU
		{77A06D1D-4A7A-40AC-9A21-A8EB8ADB029E}.Debug|Any CPU.ActiveCfg = Debug|Any CPU
		{77A06D1D-4A7A-40AC-9A21-A8EB8ADB029E}.Debug|Any CPU.Build.0 = Debug|Any CPU
		{77A06D1D-4A7A-40AC-9A21-A8EB8ADB029E}.Debug|x64.ActiveCfg = Debug|Any CPU
		{77A06D1D-4A7A-40AC-9A21-A8EB8ADB029E}.Debug|x64.Build.0 = Debug|Any CPU
		{77A06D1D-4A7A-40AC-9A21-A8EB8ADB029E}.Debug|x86.ActiveCfg = Debug|Any CPU
		{77A06D1D-4A7A-40AC-9A21-A8EB8ADB029E}.Debug|x86.Build.0 = Debug|Any CPU
		{77A06D1D-4A7A-40AC-9A21-A8EB8ADB029E}.Release|Any CPU.ActiveCfg = Release|Any CPU
		{77A06D1D-4A7A-40AC-9A21-A8EB8ADB029E}.Release|Any CPU.Build.0 = Release|Any CPU
		{77A06D1D-4A7A-40AC-9A21-A8EB8ADB029E}.Release|x64.ActiveCfg = Release|Any CPU
		{77A06D1D-4A7A-40AC-9A21-A8EB8ADB029E}.Release|x64.Build.0 = Release|Any CPU
		{77A06D1D-4A7A-40AC-9A21-A8EB8ADB029E}.Release|x86.ActiveCfg = Release|Any CPU
		{77A06D1D-4A7A-40AC-9A21-A8EB8ADB029E}.Release|x86.Build.0 = Release|Any CPU
		{18F1514C-E98C-4B31-81A1-3AB67EC6E4AA}.Debug|Any CPU.ActiveCfg = Debug|Any CPU
		{18F1514C-E98C-4B31-81A1-3AB67EC6E4AA}.Debug|Any CPU.Build.0 = Debug|Any CPU
		{18F1514C-E98C-4B31-81A1-3AB67EC6E4AA}.Debug|x64.ActiveCfg = Debug|Any CPU
		{18F1514C-E98C-4B31-81A1-3AB67EC6E4AA}.Debug|x64.Build.0 = Debug|Any CPU
		{18F1514C-E98C-4B31-81A1-3AB67EC6E4AA}.Debug|x86.ActiveCfg = Debug|Any CPU
		{18F1514C-E98C-4B31-81A1-3AB67EC6E4AA}.Debug|x86.Build.0 = Debug|Any CPU
		{18F1514C-E98C-4B31-81A1-3AB67EC6E4AA}.Release|Any CPU.ActiveCfg = Release|Any CPU
		{18F1514C-E98C-4B31-81A1-3AB67EC6E4AA}.Release|Any CPU.Build.0 = Release|Any CPU
		{18F1514C-E98C-4B31-81A1-3AB67EC6E4AA}.Release|x64.ActiveCfg = Release|Any CPU
		{18F1514C-E98C-4B31-81A1-3AB67EC6E4AA}.Release|x64.Build.0 = Release|Any CPU
		{18F1514C-E98C-4B31-81A1-3AB67EC6E4AA}.Release|x86.ActiveCfg = Release|Any CPU
		{18F1514C-E98C-4B31-81A1-3AB67EC6E4AA}.Release|x86.Build.0 = Release|Any CPU
		{D9FD9125-18EE-4981-B7DE-94D379321C37}.Debug|Any CPU.ActiveCfg = Debug|Any CPU
		{D9FD9125-18EE-4981-B7DE-94D379321C37}.Debug|Any CPU.Build.0 = Debug|Any CPU
		{D9FD9125-18EE-4981-B7DE-94D379321C37}.Debug|x64.ActiveCfg = Debug|Any CPU
		{D9FD9125-18EE-4981-B7DE-94D379321C37}.Debug|x64.Build.0 = Debug|Any CPU
		{D9FD9125-18EE-4981-B7DE-94D379321C37}.Debug|x86.ActiveCfg = Debug|Any CPU
		{D9FD9125-18EE-4981-B7DE-94D379321C37}.Debug|x86.Build.0 = Debug|Any CPU
		{D9FD9125-18EE-4981-B7DE-94D379321C37}.Release|Any CPU.ActiveCfg = Release|Any CPU
		{D9FD9125-18EE-4981-B7DE-94D379321C37}.Release|Any CPU.Build.0 = Release|Any CPU
		{D9FD9125-18EE-4981-B7DE-94D379321C37}.Release|x64.ActiveCfg = Release|Any CPU
		{D9FD9125-18EE-4981-B7DE-94D379321C37}.Release|x64.Build.0 = Release|Any CPU
		{D9FD9125-18EE-4981-B7DE-94D379321C37}.Release|x86.ActiveCfg = Release|Any CPU
		{D9FD9125-18EE-4981-B7DE-94D379321C37}.Release|x86.Build.0 = Release|Any CPU
		{3EDA4A99-88DD-42F0-BD8F-949FBAE5D3EE}.Debug|Any CPU.ActiveCfg = Debug|Any CPU
		{3EDA4A99-88DD-42F0-BD8F-949FBAE5D3EE}.Debug|Any CPU.Build.0 = Debug|Any CPU
		{3EDA4A99-88DD-42F0-BD8F-949FBAE5D3EE}.Debug|x64.ActiveCfg = Debug|Any CPU
		{3EDA4A99-88DD-42F0-BD8F-949FBAE5D3EE}.Debug|x64.Build.0 = Debug|Any CPU
		{3EDA4A99-88DD-42F0-BD8F-949FBAE5D3EE}.Debug|x86.ActiveCfg = Debug|Any CPU
		{3EDA4A99-88DD-42F0-BD8F-949FBAE5D3EE}.Debug|x86.Build.0 = Debug|Any CPU
		{3EDA4A99-88DD-42F0-BD8F-949FBAE5D3EE}.Release|Any CPU.ActiveCfg = Release|Any CPU
		{3EDA4A99-88DD-42F0-BD8F-949FBAE5D3EE}.Release|Any CPU.Build.0 = Release|Any CPU
		{3EDA4A99-88DD-42F0-BD8F-949FBAE5D3EE}.Release|x64.ActiveCfg = Release|Any CPU
		{3EDA4A99-88DD-42F0-BD8F-949FBAE5D3EE}.Release|x64.Build.0 = Release|Any CPU
		{3EDA4A99-88DD-42F0-BD8F-949FBAE5D3EE}.Release|x86.ActiveCfg = Release|Any CPU
		{3EDA4A99-88DD-42F0-BD8F-949FBAE5D3EE}.Release|x86.Build.0 = Release|Any CPU
		{A44BDECC-ED0A-486E-96D4-03446BD348AB}.Debug|Any CPU.ActiveCfg = Debug|Any CPU
		{A44BDECC-ED0A-486E-96D4-03446BD348AB}.Debug|Any CPU.Build.0 = Debug|Any CPU
		{A44BDECC-ED0A-486E-96D4-03446BD348AB}.Debug|x64.ActiveCfg = Debug|Any CPU
		{A44BDECC-ED0A-486E-96D4-03446BD348AB}.Debug|x64.Build.0 = Debug|Any CPU
		{A44BDECC-ED0A-486E-96D4-03446BD348AB}.Debug|x86.ActiveCfg = Debug|Any CPU
		{A44BDECC-ED0A-486E-96D4-03446BD348AB}.Debug|x86.Build.0 = Debug|Any CPU
		{A44BDECC-ED0A-486E-96D4-03446BD348AB}.Release|Any CPU.ActiveCfg = Release|Any CPU
		{A44BDECC-ED0A-486E-96D4-03446BD348AB}.Release|Any CPU.Build.0 = Release|Any CPU
		{A44BDECC-ED0A-486E-96D4-03446BD348AB}.Release|x64.ActiveCfg = Release|Any CPU
		{A44BDECC-ED0A-486E-96D4-03446BD348AB}.Release|x64.Build.0 = Release|Any CPU
		{A44BDECC-ED0A-486E-96D4-03446BD348AB}.Release|x86.ActiveCfg = Release|Any CPU
		{A44BDECC-ED0A-486E-96D4-03446BD348AB}.Release|x86.Build.0 = Release|Any CPU
		{94225D30-6D03-4DA9-B521-FCCF6132F903}.Debug|Any CPU.ActiveCfg = Debug|Any CPU
		{94225D30-6D03-4DA9-B521-FCCF6132F903}.Debug|Any CPU.Build.0 = Debug|Any CPU
		{94225D30-6D03-4DA9-B521-FCCF6132F903}.Debug|x64.ActiveCfg = Debug|Any CPU
		{94225D30-6D03-4DA9-B521-FCCF6132F903}.Debug|x64.Build.0 = Debug|Any CPU
		{94225D30-6D03-4DA9-B521-FCCF6132F903}.Debug|x86.ActiveCfg = Debug|Any CPU
		{94225D30-6D03-4DA9-B521-FCCF6132F903}.Debug|x86.Build.0 = Debug|Any CPU
		{94225D30-6D03-4DA9-B521-FCCF6132F903}.Release|Any CPU.ActiveCfg = Release|Any CPU
		{94225D30-6D03-4DA9-B521-FCCF6132F903}.Release|Any CPU.Build.0 = Release|Any CPU
		{94225D30-6D03-4DA9-B521-FCCF6132F903}.Release|x64.ActiveCfg = Release|Any CPU
		{94225D30-6D03-4DA9-B521-FCCF6132F903}.Release|x64.Build.0 = Release|Any CPU
		{94225D30-6D03-4DA9-B521-FCCF6132F903}.Release|x86.ActiveCfg = Release|Any CPU
		{94225D30-6D03-4DA9-B521-FCCF6132F903}.Release|x86.Build.0 = Release|Any CPU
		{FBC756CE-8FF1-4411-8D7F-FF45EB0D23E3}.Debug|Any CPU.ActiveCfg = Debug|Any CPU
		{FBC756CE-8FF1-4411-8D7F-FF45EB0D23E3}.Debug|Any CPU.Build.0 = Debug|Any CPU
		{FBC756CE-8FF1-4411-8D7F-FF45EB0D23E3}.Debug|x64.ActiveCfg = Debug|Any CPU
		{FBC756CE-8FF1-4411-8D7F-FF45EB0D23E3}.Debug|x64.Build.0 = Debug|Any CPU
		{FBC756CE-8FF1-4411-8D7F-FF45EB0D23E3}.Debug|x86.ActiveCfg = Debug|Any CPU
		{FBC756CE-8FF1-4411-8D7F-FF45EB0D23E3}.Debug|x86.Build.0 = Debug|Any CPU
		{FBC756CE-8FF1-4411-8D7F-FF45EB0D23E3}.Release|Any CPU.ActiveCfg = Release|Any CPU
		{FBC756CE-8FF1-4411-8D7F-FF45EB0D23E3}.Release|Any CPU.Build.0 = Release|Any CPU
		{FBC756CE-8FF1-4411-8D7F-FF45EB0D23E3}.Release|x64.ActiveCfg = Release|Any CPU
		{FBC756CE-8FF1-4411-8D7F-FF45EB0D23E3}.Release|x64.Build.0 = Release|Any CPU
		{FBC756CE-8FF1-4411-8D7F-FF45EB0D23E3}.Release|x86.ActiveCfg = Release|Any CPU
		{FBC756CE-8FF1-4411-8D7F-FF45EB0D23E3}.Release|x86.Build.0 = Release|Any CPU
		{4C91253F-3398-4ADA-B151-A00ADE88DF7B}.Debug|Any CPU.ActiveCfg = Debug|Any CPU
		{4C91253F-3398-4ADA-B151-A00ADE88DF7B}.Debug|Any CPU.Build.0 = Debug|Any CPU
		{4C91253F-3398-4ADA-B151-A00ADE88DF7B}.Debug|x64.ActiveCfg = Debug|Any CPU
		{4C91253F-3398-4ADA-B151-A00ADE88DF7B}.Debug|x64.Build.0 = Debug|Any CPU
		{4C91253F-3398-4ADA-B151-A00ADE88DF7B}.Debug|x86.ActiveCfg = Debug|Any CPU
		{4C91253F-3398-4ADA-B151-A00ADE88DF7B}.Debug|x86.Build.0 = Debug|Any CPU
		{4C91253F-3398-4ADA-B151-A00ADE88DF7B}.Release|Any CPU.ActiveCfg = Release|Any CPU
		{4C91253F-3398-4ADA-B151-A00ADE88DF7B}.Release|Any CPU.Build.0 = Release|Any CPU
		{4C91253F-3398-4ADA-B151-A00ADE88DF7B}.Release|x64.ActiveCfg = Release|Any CPU
		{4C91253F-3398-4ADA-B151-A00ADE88DF7B}.Release|x64.Build.0 = Release|Any CPU
		{4C91253F-3398-4ADA-B151-A00ADE88DF7B}.Release|x86.ActiveCfg = Release|Any CPU
		{4C91253F-3398-4ADA-B151-A00ADE88DF7B}.Release|x86.Build.0 = Release|Any CPU
	EndGlobalSection
	GlobalSection(NestedProjects) = preSolution
		{086129D5-5E6F-4331-939D-BAFE20B35E53} = {274E438E-C96E-485A-844D-D8A4F79AF14E}
		{B8B06929-6353-445B-BA72-508A2E2AC9D2} = {274E438E-C96E-485A-844D-D8A4F79AF14E}
		{0CCC2DE8-DA95-422C-8ED2-9EFB137929E7} = {274E438E-C96E-485A-844D-D8A4F79AF14E}
		{B21DD6A5-855B-4995-B016-153F90311CE8} = {274E438E-C96E-485A-844D-D8A4F79AF14E}
		{0FBBE392-E9AA-42CE-AAC2-800F3F1D802A} = {274E438E-C96E-485A-844D-D8A4F79AF14E}
		{B7BC8720-3C3C-41BC-BE66-434D2E2ED09B} = {9D598C21-9378-49C4-8ED3-BBD8C3489D58}
		{090D1E92-D6B7-4544-AF51-C4C6AD4A2BC2} = {9D598C21-9378-49C4-8ED3-BBD8C3489D58}
		{011F7ACB-42FC-44DD-8BC6-C05F62275465} = {9D598C21-9378-49C4-8ED3-BBD8C3489D58}
		{BE024A4A-2AA2-4465-8A37-2809D7E296BE} = {9D249F5B-6239-40C3-B02C-67948864E0E0}
		{CA73B054-AEBF-41D6-BDAB-F8258DB4476D} = {9D598C21-9378-49C4-8ED3-BBD8C3489D58}
		{C9953566-C0C0-40B2-BA9E-D0656FAA2741} = {9D249F5B-6239-40C3-B02C-67948864E0E0}
		{3932F184-2A42-4BD0-A5CB-6C89480C27BD} = {C9953566-C0C0-40B2-BA9E-D0656FAA2741}
		{82DD32FC-3434-4EA1-BE8D-17FCA1E7992E} = {E4A675BF-A3B1-4B7A-965D-9B8897137A37}
		{F35BF91C-E9D2-4C94-8902-8B9D9B6675F6} = {E4A675BF-A3B1-4B7A-965D-9B8897137A37}
		{3BA488C7-22A9-4FF2-9F89-037734238B4A} = {41150A79-105B-42BF-A1AD-D68B1EBF74D8}
		{E9D4CC87-8FEF-4D12-8AFA-1919B5BA61AB} = {41150A79-105B-42BF-A1AD-D68B1EBF74D8}
		{E21220CE-84D8-48E7-8492-04D37057852B} = {41150A79-105B-42BF-A1AD-D68B1EBF74D8}
		{392B1031-33DF-4A28-B9D0-7E92A7B6349D} = {41150A79-105B-42BF-A1AD-D68B1EBF74D8}
		{ADCB7087-277C-4164-A662-BD70FEABDC2F} = {41150A79-105B-42BF-A1AD-D68B1EBF74D8}
		{D188CAA3-464B-4461-90B8-916FBEC377FF} = {E4A675BF-A3B1-4B7A-965D-9B8897137A37}
		{D3066559-AB4B-49CA-A4BC-8201BF0C742B} = {E4A675BF-A3B1-4B7A-965D-9B8897137A37}
		{FF91031F-CFA2-4AB5-839A-B5E85DE9DA0F} = {E4A675BF-A3B1-4B7A-965D-9B8897137A37}
		{AC0DC158-AA7B-4E20-BBE6-29085E9FBF89} = {41150A79-105B-42BF-A1AD-D68B1EBF74D8}
		{18F1514C-E98C-4B31-81A1-3AB67EC6E4AA} = {E4A675BF-A3B1-4B7A-965D-9B8897137A37}
		{D9FD9125-18EE-4981-B7DE-94D379321C37} = {E5AB8248-2A8A-42BA-A8DD-07D7D8F46FA3}
		{A44BDECC-ED0A-486E-96D4-03446BD348AB} = {E4A675BF-A3B1-4B7A-965D-9B8897137A37}
		{94225D30-6D03-4DA9-B521-FCCF6132F903} = {274E438E-C96E-485A-844D-D8A4F79AF14E}
		{FBC756CE-8FF1-4411-8D7F-FF45EB0D23E3} = {E4A675BF-A3B1-4B7A-965D-9B8897137A37}
		{4C91253F-3398-4ADA-B151-A00ADE88DF7B} = {E4A675BF-A3B1-4B7A-965D-9B8897137A37}
		{77A06D1D-4A7A-40AC-9A21-A8EB8ADB029E} = {E4A675BF-A3B1-4B7A-965D-9B8897137A37}
		{3EDA4A99-88DD-42F0-BD8F-949FBAE5D3EE} = {E4A675BF-A3B1-4B7A-965D-9B8897137A37}
	EndGlobalSection
EndGlobal
