
Microsoft Visual Studio Solution File, Format Version 12.00
# Visual Studio 15
VisualStudioVersion = 15.0.26124.0
MinimumVisualStudioVersion = 15.0.26124.0
Project("{FAE04EC0-301F-11D3-BF4B-00C04F79EFBC}") = "spike.stack.web", "spike.stack.web\spike.stack.web.csproj", "{011F7ACB-42FC-44DD-8BC6-C05F62275465}"
EndProject
Project("{FAE04EC0-301F-11D3-BF4B-00C04F79EFBC}") = "spike.stack.module", "spike.stack.module\spike.stack.module.csproj", "{090D1E92-D6B7-4544-AF51-C4C6AD4A2BC2}"
EndProject
Project("{FAE04EC0-301F-11D3-BF4B-00C04F79EFBC}") = "spike.stack.console", "spike.stack.console\spike.stack.console.csproj", "{B7BC8720-3C3C-41BC-BE66-434D2E2ED09B}"
EndProject
Project("{FAE04EC0-301F-11D3-BF4B-00C04F79EFBC}") = "SImpl.Hosts.GenericHost", "SImpl.Hosts.GenericHost\SImpl.Hosts.GenericHost.csproj", "{B8B06929-6353-445B-BA72-508A2E2AC9D2}"
EndProject
Project("{FAE04EC0-301F-11D3-BF4B-00C04F79EFBC}") = "SImpl.Hosts.WebHost", "SImpl.Hosts.WebHost\SImpl.Hosts.WebHost.csproj", "{0CCC2DE8-DA95-422C-8ED2-9EFB137929E7}"
EndProject
Project("{FAE04EC0-301F-11D3-BF4B-00C04F79EFBC}") = "spike.stack.app", "spike.stack.app\spike.stack.app.csproj", "{1F2D5E89-1DFE-4115-B634-6CEDDE3C5B80}"
EndProject
Project("{FAE04EC0-301F-11D3-BF4B-00C04F79EFBC}") = "SImpl.Runtime", "SImpl.Runtime\SImpl.Runtime.csproj", "{086129D5-5E6F-4331-939D-BAFE20B35E53}"
EndProject
Project("{FAE04EC0-301F-11D3-BF4B-00C04F79EFBC}") = "SImpl.DotNetStack.GenericHost.DependencyInjection", "SImpl.DotNetStack.GenericHost.DependencyInjection\SImpl.DotNetStack.GenericHost.DependencyInjection.csproj", "{C1E45B7F-9C74-4453-ADD7-3AC4C305209F}"
EndProject
Project("{FAE04EC0-301F-11D3-BF4B-00C04F79EFBC}") = "SImpl.DotNetStack.NovicellApp.Console", "SImpl.DotNetStack.NovicellApp.Console\SImpl.DotNetStack.NovicellApp.Console.csproj", "{2C975114-3C9D-4F8A-A9C6-EFBB3F91F64E}"
EndProject
Project("{2150E333-8FDC-42A3-9474-1A3956D46DE8}") = "SImpl", "SImpl", "{274E438E-C96E-485A-844D-D8A4F79AF14E}"
EndProject
Project("{2150E333-8FDC-42A3-9474-1A3956D46DE8}") = "SImpl.Novicell.DotNetStack", "SImpl.Novicell.DotNetStack", "{1FA3BA58-1B02-489E-B29B-6C9787994DD8}"
EndProject
Project("{FAE04EC0-301F-11D3-BF4B-00C04F79EFBC}") = "SImpl", "SImpl\SImpl.csproj", "{B21DD6A5-855B-4995-B016-153F90311CE8}"
EndProject
Project("{FAE04EC0-301F-11D3-BF4B-00C04F79EFBC}") = "SImpl.NanoContainer", "SImpl.NanoContainer\SImpl.NanoContainer.csproj", "{8F0F76B9-2274-4F8E-A8AF-5F8C799A5F29}"
EndProject
Project("{2150E333-8FDC-42A3-9474-1A3956D46DE8}") = "Simpl.NanoContanier", "Simpl.NanoContanier", "{975ADD85-4237-4567-9627-10BE8E3C901E}"
EndProject
Project("{FAE04EC0-301F-11D3-BF4B-00C04F79EFBC}") = "SImpl.Runtime.Diagnostics", "SImpl.Runtime.Diagnostics\SImpl.Runtime.Diagnostics.csproj", "{0FBBE392-E9AA-42CE-AAC2-800F3F1D802A}"
EndProject
Project("{2150E333-8FDC-42A3-9474-1A3956D46DE8}") = "SImpl.Templates", "SImpl.Templates", "{9D249F5B-6239-40C3-B02C-67948864E0E0}"
EndProject
Project("{2150E333-8FDC-42A3-9474-1A3956D46DE8}") = "Spike", "Spike", "{9D598C21-9378-49C4-8ED3-BBD8C3489D58}"
EndProject
Project("{FAE04EC0-301F-11D3-BF4B-00C04F79EFBC}") = "SImpl.Templates.WebApi", "SImpl.Templates.WebApi\SImpl.Templates.WebApi.csproj", "{BE024A4A-2AA2-4465-8A37-2809D7E296BE}"
EndProject
Global
	GlobalSection(SolutionConfigurationPlatforms) = preSolution
		Debug|Any CPU = Debug|Any CPU
		Debug|x64 = Debug|x64
		Debug|x86 = Debug|x86
		Release|Any CPU = Release|Any CPU
		Release|x64 = Release|x64
		Release|x86 = Release|x86
	EndGlobalSection
	GlobalSection(SolutionProperties) = preSolution
		HideSolutionNode = FALSE
	EndGlobalSection
	GlobalSection(ProjectConfigurationPlatforms) = postSolution
		{011F7ACB-42FC-44DD-8BC6-C05F62275465}.Debug|Any CPU.ActiveCfg = Debug|Any CPU
		{011F7ACB-42FC-44DD-8BC6-C05F62275465}.Debug|Any CPU.Build.0 = Debug|Any CPU
		{011F7ACB-42FC-44DD-8BC6-C05F62275465}.Debug|x64.ActiveCfg = Debug|Any CPU
		{011F7ACB-42FC-44DD-8BC6-C05F62275465}.Debug|x64.Build.0 = Debug|Any CPU
		{011F7ACB-42FC-44DD-8BC6-C05F62275465}.Debug|x86.ActiveCfg = Debug|Any CPU
		{011F7ACB-42FC-44DD-8BC6-C05F62275465}.Debug|x86.Build.0 = Debug|Any CPU
		{011F7ACB-42FC-44DD-8BC6-C05F62275465}.Release|Any CPU.ActiveCfg = Release|Any CPU
		{011F7ACB-42FC-44DD-8BC6-C05F62275465}.Release|Any CPU.Build.0 = Release|Any CPU
		{011F7ACB-42FC-44DD-8BC6-C05F62275465}.Release|x64.ActiveCfg = Release|Any CPU
		{011F7ACB-42FC-44DD-8BC6-C05F62275465}.Release|x64.Build.0 = Release|Any CPU
		{011F7ACB-42FC-44DD-8BC6-C05F62275465}.Release|x86.ActiveCfg = Release|Any CPU
		{011F7ACB-42FC-44DD-8BC6-C05F62275465}.Release|x86.Build.0 = Release|Any CPU
		{090D1E92-D6B7-4544-AF51-C4C6AD4A2BC2}.Debug|Any CPU.ActiveCfg = Debug|Any CPU
		{090D1E92-D6B7-4544-AF51-C4C6AD4A2BC2}.Debug|Any CPU.Build.0 = Debug|Any CPU
		{090D1E92-D6B7-4544-AF51-C4C6AD4A2BC2}.Debug|x64.ActiveCfg = Debug|Any CPU
		{090D1E92-D6B7-4544-AF51-C4C6AD4A2BC2}.Debug|x64.Build.0 = Debug|Any CPU
		{090D1E92-D6B7-4544-AF51-C4C6AD4A2BC2}.Debug|x86.ActiveCfg = Debug|Any CPU
		{090D1E92-D6B7-4544-AF51-C4C6AD4A2BC2}.Debug|x86.Build.0 = Debug|Any CPU
		{090D1E92-D6B7-4544-AF51-C4C6AD4A2BC2}.Release|Any CPU.ActiveCfg = Release|Any CPU
		{090D1E92-D6B7-4544-AF51-C4C6AD4A2BC2}.Release|Any CPU.Build.0 = Release|Any CPU
		{090D1E92-D6B7-4544-AF51-C4C6AD4A2BC2}.Release|x64.ActiveCfg = Release|Any CPU
		{090D1E92-D6B7-4544-AF51-C4C6AD4A2BC2}.Release|x64.Build.0 = Release|Any CPU
		{090D1E92-D6B7-4544-AF51-C4C6AD4A2BC2}.Release|x86.ActiveCfg = Release|Any CPU
		{090D1E92-D6B7-4544-AF51-C4C6AD4A2BC2}.Release|x86.Build.0 = Release|Any CPU
		{B7BC8720-3C3C-41BC-BE66-434D2E2ED09B}.Debug|Any CPU.ActiveCfg = Debug|Any CPU
		{B7BC8720-3C3C-41BC-BE66-434D2E2ED09B}.Debug|Any CPU.Build.0 = Debug|Any CPU
		{B7BC8720-3C3C-41BC-BE66-434D2E2ED09B}.Debug|x64.ActiveCfg = Debug|Any CPU
		{B7BC8720-3C3C-41BC-BE66-434D2E2ED09B}.Debug|x64.Build.0 = Debug|Any CPU
		{B7BC8720-3C3C-41BC-BE66-434D2E2ED09B}.Debug|x86.ActiveCfg = Debug|Any CPU
		{B7BC8720-3C3C-41BC-BE66-434D2E2ED09B}.Debug|x86.Build.0 = Debug|Any CPU
		{B7BC8720-3C3C-41BC-BE66-434D2E2ED09B}.Release|Any CPU.ActiveCfg = Release|Any CPU
		{B7BC8720-3C3C-41BC-BE66-434D2E2ED09B}.Release|Any CPU.Build.0 = Release|Any CPU
		{B7BC8720-3C3C-41BC-BE66-434D2E2ED09B}.Release|x64.ActiveCfg = Release|Any CPU
		{B7BC8720-3C3C-41BC-BE66-434D2E2ED09B}.Release|x64.Build.0 = Release|Any CPU
		{B7BC8720-3C3C-41BC-BE66-434D2E2ED09B}.Release|x86.ActiveCfg = Release|Any CPU
		{B7BC8720-3C3C-41BC-BE66-434D2E2ED09B}.Release|x86.Build.0 = Release|Any CPU
		{B8B06929-6353-445B-BA72-508A2E2AC9D2}.Debug|Any CPU.ActiveCfg = Debug|Any CPU
		{B8B06929-6353-445B-BA72-508A2E2AC9D2}.Debug|Any CPU.Build.0 = Debug|Any CPU
		{B8B06929-6353-445B-BA72-508A2E2AC9D2}.Debug|x64.ActiveCfg = Debug|Any CPU
		{B8B06929-6353-445B-BA72-508A2E2AC9D2}.Debug|x64.Build.0 = Debug|Any CPU
		{B8B06929-6353-445B-BA72-508A2E2AC9D2}.Debug|x86.ActiveCfg = Debug|Any CPU
		{B8B06929-6353-445B-BA72-508A2E2AC9D2}.Debug|x86.Build.0 = Debug|Any CPU
		{B8B06929-6353-445B-BA72-508A2E2AC9D2}.Release|Any CPU.ActiveCfg = Release|Any CPU
		{B8B06929-6353-445B-BA72-508A2E2AC9D2}.Release|Any CPU.Build.0 = Release|Any CPU
		{B8B06929-6353-445B-BA72-508A2E2AC9D2}.Release|x64.ActiveCfg = Release|Any CPU
		{B8B06929-6353-445B-BA72-508A2E2AC9D2}.Release|x64.Build.0 = Release|Any CPU
		{B8B06929-6353-445B-BA72-508A2E2AC9D2}.Release|x86.ActiveCfg = Release|Any CPU
		{B8B06929-6353-445B-BA72-508A2E2AC9D2}.Release|x86.Build.0 = Release|Any CPU
		{0CCC2DE8-DA95-422C-8ED2-9EFB137929E7}.Debug|Any CPU.ActiveCfg = Debug|Any CPU
		{0CCC2DE8-DA95-422C-8ED2-9EFB137929E7}.Debug|Any CPU.Build.0 = Debug|Any CPU
		{0CCC2DE8-DA95-422C-8ED2-9EFB137929E7}.Debug|x64.ActiveCfg = Debug|Any CPU
		{0CCC2DE8-DA95-422C-8ED2-9EFB137929E7}.Debug|x64.Build.0 = Debug|Any CPU
		{0CCC2DE8-DA95-422C-8ED2-9EFB137929E7}.Debug|x86.ActiveCfg = Debug|Any CPU
		{0CCC2DE8-DA95-422C-8ED2-9EFB137929E7}.Debug|x86.Build.0 = Debug|Any CPU
		{0CCC2DE8-DA95-422C-8ED2-9EFB137929E7}.Release|Any CPU.ActiveCfg = Release|Any CPU
		{0CCC2DE8-DA95-422C-8ED2-9EFB137929E7}.Release|Any CPU.Build.0 = Release|Any CPU
		{0CCC2DE8-DA95-422C-8ED2-9EFB137929E7}.Release|x64.ActiveCfg = Release|Any CPU
		{0CCC2DE8-DA95-422C-8ED2-9EFB137929E7}.Release|x64.Build.0 = Release|Any CPU
		{0CCC2DE8-DA95-422C-8ED2-9EFB137929E7}.Release|x86.ActiveCfg = Release|Any CPU
		{0CCC2DE8-DA95-422C-8ED2-9EFB137929E7}.Release|x86.Build.0 = Release|Any CPU
		{1F2D5E89-1DFE-4115-B634-6CEDDE3C5B80}.Debug|Any CPU.ActiveCfg = Debug|Any CPU
		{1F2D5E89-1DFE-4115-B634-6CEDDE3C5B80}.Debug|Any CPU.Build.0 = Debug|Any CPU
		{1F2D5E89-1DFE-4115-B634-6CEDDE3C5B80}.Debug|x64.ActiveCfg = Debug|Any CPU
		{1F2D5E89-1DFE-4115-B634-6CEDDE3C5B80}.Debug|x64.Build.0 = Debug|Any CPU
		{1F2D5E89-1DFE-4115-B634-6CEDDE3C5B80}.Debug|x86.ActiveCfg = Debug|Any CPU
		{1F2D5E89-1DFE-4115-B634-6CEDDE3C5B80}.Debug|x86.Build.0 = Debug|Any CPU
		{1F2D5E89-1DFE-4115-B634-6CEDDE3C5B80}.Release|Any CPU.ActiveCfg = Release|Any CPU
		{1F2D5E89-1DFE-4115-B634-6CEDDE3C5B80}.Release|Any CPU.Build.0 = Release|Any CPU
		{1F2D5E89-1DFE-4115-B634-6CEDDE3C5B80}.Release|x64.ActiveCfg = Release|Any CPU
		{1F2D5E89-1DFE-4115-B634-6CEDDE3C5B80}.Release|x64.Build.0 = Release|Any CPU
		{1F2D5E89-1DFE-4115-B634-6CEDDE3C5B80}.Release|x86.ActiveCfg = Release|Any CPU
		{1F2D5E89-1DFE-4115-B634-6CEDDE3C5B80}.Release|x86.Build.0 = Release|Any CPU
		{086129D5-5E6F-4331-939D-BAFE20B35E53}.Debug|Any CPU.ActiveCfg = Debug|Any CPU
		{086129D5-5E6F-4331-939D-BAFE20B35E53}.Debug|Any CPU.Build.0 = Debug|Any CPU
		{086129D5-5E6F-4331-939D-BAFE20B35E53}.Debug|x64.ActiveCfg = Debug|Any CPU
		{086129D5-5E6F-4331-939D-BAFE20B35E53}.Debug|x64.Build.0 = Debug|Any CPU
		{086129D5-5E6F-4331-939D-BAFE20B35E53}.Debug|x86.ActiveCfg = Debug|Any CPU
		{086129D5-5E6F-4331-939D-BAFE20B35E53}.Debug|x86.Build.0 = Debug|Any CPU
		{086129D5-5E6F-4331-939D-BAFE20B35E53}.Release|Any CPU.ActiveCfg = Release|Any CPU
		{086129D5-5E6F-4331-939D-BAFE20B35E53}.Release|Any CPU.Build.0 = Release|Any CPU
		{086129D5-5E6F-4331-939D-BAFE20B35E53}.Release|x64.ActiveCfg = Release|Any CPU
		{086129D5-5E6F-4331-939D-BAFE20B35E53}.Release|x64.Build.0 = Release|Any CPU
		{086129D5-5E6F-4331-939D-BAFE20B35E53}.Release|x86.ActiveCfg = Release|Any CPU
		{086129D5-5E6F-4331-939D-BAFE20B35E53}.Release|x86.Build.0 = Release|Any CPU
		{C1E45B7F-9C74-4453-ADD7-3AC4C305209F}.Debug|Any CPU.ActiveCfg = Debug|Any CPU
		{C1E45B7F-9C74-4453-ADD7-3AC4C305209F}.Debug|Any CPU.Build.0 = Debug|Any CPU
		{C1E45B7F-9C74-4453-ADD7-3AC4C305209F}.Debug|x64.ActiveCfg = Debug|Any CPU
		{C1E45B7F-9C74-4453-ADD7-3AC4C305209F}.Debug|x64.Build.0 = Debug|Any CPU
		{C1E45B7F-9C74-4453-ADD7-3AC4C305209F}.Debug|x86.ActiveCfg = Debug|Any CPU
		{C1E45B7F-9C74-4453-ADD7-3AC4C305209F}.Debug|x86.Build.0 = Debug|Any CPU
		{C1E45B7F-9C74-4453-ADD7-3AC4C305209F}.Release|Any CPU.ActiveCfg = Release|Any CPU
		{C1E45B7F-9C74-4453-ADD7-3AC4C305209F}.Release|Any CPU.Build.0 = Release|Any CPU
		{C1E45B7F-9C74-4453-ADD7-3AC4C305209F}.Release|x64.ActiveCfg = Release|Any CPU
		{C1E45B7F-9C74-4453-ADD7-3AC4C305209F}.Release|x64.Build.0 = Release|Any CPU
		{C1E45B7F-9C74-4453-ADD7-3AC4C305209F}.Release|x86.ActiveCfg = Release|Any CPU
		{C1E45B7F-9C74-4453-ADD7-3AC4C305209F}.Release|x86.Build.0 = Release|Any CPU
		{2C975114-3C9D-4F8A-A9C6-EFBB3F91F64E}.Debug|Any CPU.ActiveCfg = Debug|Any CPU
		{2C975114-3C9D-4F8A-A9C6-EFBB3F91F64E}.Debug|Any CPU.Build.0 = Debug|Any CPU
		{2C975114-3C9D-4F8A-A9C6-EFBB3F91F64E}.Debug|x64.ActiveCfg = Debug|Any CPU
		{2C975114-3C9D-4F8A-A9C6-EFBB3F91F64E}.Debug|x64.Build.0 = Debug|Any CPU
		{2C975114-3C9D-4F8A-A9C6-EFBB3F91F64E}.Debug|x86.ActiveCfg = Debug|Any CPU
		{2C975114-3C9D-4F8A-A9C6-EFBB3F91F64E}.Debug|x86.Build.0 = Debug|Any CPU
		{2C975114-3C9D-4F8A-A9C6-EFBB3F91F64E}.Release|Any CPU.ActiveCfg = Release|Any CPU
		{2C975114-3C9D-4F8A-A9C6-EFBB3F91F64E}.Release|Any CPU.Build.0 = Release|Any CPU
		{2C975114-3C9D-4F8A-A9C6-EFBB3F91F64E}.Release|x64.ActiveCfg = Release|Any CPU
		{2C975114-3C9D-4F8A-A9C6-EFBB3F91F64E}.Release|x64.Build.0 = Release|Any CPU
		{2C975114-3C9D-4F8A-A9C6-EFBB3F91F64E}.Release|x86.ActiveCfg = Release|Any CPU
		{2C975114-3C9D-4F8A-A9C6-EFBB3F91F64E}.Release|x86.Build.0 = Release|Any CPU
		{B21DD6A5-855B-4995-B016-153F90311CE8}.Debug|Any CPU.ActiveCfg = Debug|Any CPU
		{B21DD6A5-855B-4995-B016-153F90311CE8}.Debug|Any CPU.Build.0 = Debug|Any CPU
		{B21DD6A5-855B-4995-B016-153F90311CE8}.Debug|x64.ActiveCfg = Debug|Any CPU
		{B21DD6A5-855B-4995-B016-153F90311CE8}.Debug|x64.Build.0 = Debug|Any CPU
		{B21DD6A5-855B-4995-B016-153F90311CE8}.Debug|x86.ActiveCfg = Debug|Any CPU
		{B21DD6A5-855B-4995-B016-153F90311CE8}.Debug|x86.Build.0 = Debug|Any CPU
		{B21DD6A5-855B-4995-B016-153F90311CE8}.Release|Any CPU.ActiveCfg = Release|Any CPU
		{B21DD6A5-855B-4995-B016-153F90311CE8}.Release|Any CPU.Build.0 = Release|Any CPU
		{B21DD6A5-855B-4995-B016-153F90311CE8}.Release|x64.ActiveCfg = Release|Any CPU
		{B21DD6A5-855B-4995-B016-153F90311CE8}.Release|x64.Build.0 = Release|Any CPU
		{B21DD6A5-855B-4995-B016-153F90311CE8}.Release|x86.ActiveCfg = Release|Any CPU
		{B21DD6A5-855B-4995-B016-153F90311CE8}.Release|x86.Build.0 = Release|Any CPU
		{8F0F76B9-2274-4F8E-A8AF-5F8C799A5F29}.Debug|Any CPU.ActiveCfg = Debug|Any CPU
		{8F0F76B9-2274-4F8E-A8AF-5F8C799A5F29}.Debug|Any CPU.Build.0 = Debug|Any CPU
		{8F0F76B9-2274-4F8E-A8AF-5F8C799A5F29}.Debug|x64.ActiveCfg = Debug|Any CPU
		{8F0F76B9-2274-4F8E-A8AF-5F8C799A5F29}.Debug|x64.Build.0 = Debug|Any CPU
		{8F0F76B9-2274-4F8E-A8AF-5F8C799A5F29}.Debug|x86.ActiveCfg = Debug|Any CPU
		{8F0F76B9-2274-4F8E-A8AF-5F8C799A5F29}.Debug|x86.Build.0 = Debug|Any CPU
		{8F0F76B9-2274-4F8E-A8AF-5F8C799A5F29}.Release|Any CPU.ActiveCfg = Release|Any CPU
		{8F0F76B9-2274-4F8E-A8AF-5F8C799A5F29}.Release|Any CPU.Build.0 = Release|Any CPU
		{8F0F76B9-2274-4F8E-A8AF-5F8C799A5F29}.Release|x64.ActiveCfg = Release|Any CPU
		{8F0F76B9-2274-4F8E-A8AF-5F8C799A5F29}.Release|x64.Build.0 = Release|Any CPU
		{8F0F76B9-2274-4F8E-A8AF-5F8C799A5F29}.Release|x86.ActiveCfg = Release|Any CPU
		{8F0F76B9-2274-4F8E-A8AF-5F8C799A5F29}.Release|x86.Build.0 = Release|Any CPU
		{0FBBE392-E9AA-42CE-AAC2-800F3F1D802A}.Debug|Any CPU.ActiveCfg = Debug|Any CPU
		{0FBBE392-E9AA-42CE-AAC2-800F3F1D802A}.Debug|Any CPU.Build.0 = Debug|Any CPU
		{0FBBE392-E9AA-42CE-AAC2-800F3F1D802A}.Debug|x64.ActiveCfg = Debug|Any CPU
		{0FBBE392-E9AA-42CE-AAC2-800F3F1D802A}.Debug|x64.Build.0 = Debug|Any CPU
		{0FBBE392-E9AA-42CE-AAC2-800F3F1D802A}.Debug|x86.ActiveCfg = Debug|Any CPU
		{0FBBE392-E9AA-42CE-AAC2-800F3F1D802A}.Debug|x86.Build.0 = Debug|Any CPU
		{0FBBE392-E9AA-42CE-AAC2-800F3F1D802A}.Release|Any CPU.ActiveCfg = Release|Any CPU
		{0FBBE392-E9AA-42CE-AAC2-800F3F1D802A}.Release|Any CPU.Build.0 = Release|Any CPU
		{0FBBE392-E9AA-42CE-AAC2-800F3F1D802A}.Release|x64.ActiveCfg = Release|Any CPU
		{0FBBE392-E9AA-42CE-AAC2-800F3F1D802A}.Release|x64.Build.0 = Release|Any CPU
		{0FBBE392-E9AA-42CE-AAC2-800F3F1D802A}.Release|x86.ActiveCfg = Release|Any CPU
		{0FBBE392-E9AA-42CE-AAC2-800F3F1D802A}.Release|x86.Build.0 = Release|Any CPU
		{BE024A4A-2AA2-4465-8A37-2809D7E296BE}.Debug|Any CPU.ActiveCfg = Debug|Any CPU
		{BE024A4A-2AA2-4465-8A37-2809D7E296BE}.Debug|Any CPU.Build.0 = Debug|Any CPU
		{BE024A4A-2AA2-4465-8A37-2809D7E296BE}.Debug|x64.ActiveCfg = Debug|Any CPU
		{BE024A4A-2AA2-4465-8A37-2809D7E296BE}.Debug|x64.Build.0 = Debug|Any CPU
		{BE024A4A-2AA2-4465-8A37-2809D7E296BE}.Debug|x86.ActiveCfg = Debug|Any CPU
		{BE024A4A-2AA2-4465-8A37-2809D7E296BE}.Debug|x86.Build.0 = Debug|Any CPU
		{BE024A4A-2AA2-4465-8A37-2809D7E296BE}.Release|Any CPU.ActiveCfg = Release|Any CPU
		{BE024A4A-2AA2-4465-8A37-2809D7E296BE}.Release|Any CPU.Build.0 = Release|Any CPU
		{BE024A4A-2AA2-4465-8A37-2809D7E296BE}.Release|x64.ActiveCfg = Release|Any CPU
		{BE024A4A-2AA2-4465-8A37-2809D7E296BE}.Release|x64.Build.0 = Release|Any CPU
		{BE024A4A-2AA2-4465-8A37-2809D7E296BE}.Release|x86.ActiveCfg = Release|Any CPU
		{BE024A4A-2AA2-4465-8A37-2809D7E296BE}.Release|x86.Build.0 = Release|Any CPU
	EndGlobalSection
	GlobalSection(NestedProjects) = preSolution
		{086129D5-5E6F-4331-939D-BAFE20B35E53} = {274E438E-C96E-485A-844D-D8A4F79AF14E}
		{B8B06929-6353-445B-BA72-508A2E2AC9D2} = {274E438E-C96E-485A-844D-D8A4F79AF14E}
		{C1E45B7F-9C74-4453-ADD7-3AC4C305209F} = {1FA3BA58-1B02-489E-B29B-6C9787994DD8}
		{2C975114-3C9D-4F8A-A9C6-EFBB3F91F64E} = {1FA3BA58-1B02-489E-B29B-6C9787994DD8}
		{0CCC2DE8-DA95-422C-8ED2-9EFB137929E7} = {274E438E-C96E-485A-844D-D8A4F79AF14E}
		{B21DD6A5-855B-4995-B016-153F90311CE8} = {274E438E-C96E-485A-844D-D8A4F79AF14E}
		{8F0F76B9-2274-4F8E-A8AF-5F8C799A5F29} = {975ADD85-4237-4567-9627-10BE8E3C901E}
		{0FBBE392-E9AA-42CE-AAC2-800F3F1D802A} = {274E438E-C96E-485A-844D-D8A4F79AF14E}
		{1F2D5E89-1DFE-4115-B634-6CEDDE3C5B80} = {9D598C21-9378-49C4-8ED3-BBD8C3489D58}
		{B7BC8720-3C3C-41BC-BE66-434D2E2ED09B} = {9D598C21-9378-49C4-8ED3-BBD8C3489D58}
		{090D1E92-D6B7-4544-AF51-C4C6AD4A2BC2} = {9D598C21-9378-49C4-8ED3-BBD8C3489D58}
		{011F7ACB-42FC-44DD-8BC6-C05F62275465} = {9D598C21-9378-49C4-8ED3-BBD8C3489D58}
		{BE024A4A-2AA2-4465-8A37-2809D7E296BE} = {9D249F5B-6239-40C3-B02C-67948864E0E0}
	EndGlobalSection
EndGlobal
